
Microsoft Visual Studio Solution File, Format Version 12.00
# Visual Studio Version 17
VisualStudioVersion = 17.1.32319.34
MinimumVisualStudioVersion = 10.0.40219.1
Project("{9A19103F-16F7-4668-BE54-9A1E7A4F7556}") = "ApiTest.Legacy", "ApiTest.Legacy\ApiTest.Legacy.csproj", "{C3194311-FDD7-4393-B61F-856A89C6934C}"
EndProject
Project("{9A19103F-16F7-4668-BE54-9A1E7A4F7556}") = "Calcasa.Api", "..\..\libraries\api-csharp\src\Calcasa.Api\Calcasa.Api.csproj", "{CD9E4CD0-A353-4012-8BE0-EEB26D0EF063}"
EndProject
Project("{FAE04EC0-301F-11D3-BF4B-00C04F79EFBC}") = "ApiTest.Shared", "ApiTest.Shared\ApiTest.Shared.csproj", "{469140A6-A045-4D08-97BA-1A48CF03992B}"
EndProject
Project("{FAE04EC0-301F-11D3-BF4B-00C04F79EFBC}") = "ApiTest.New", "ApiTest.New\ApiTest.New.csproj", "{5A42F203-CBAD-5988-0754-D768DA2DBF69}"
EndProject
Global
	GlobalSection(SolutionConfigurationPlatforms) = preSolution
		Debug|Any CPU = Debug|Any CPU
		Release|Any CPU = Release|Any CPU
	EndGlobalSection
	GlobalSection(ProjectConfigurationPlatforms) = postSolution
		{C3194311-FDD7-4393-B61F-856A89C6934C}.Debug|Any CPU.ActiveCfg = Debug|Any CPU
		{C3194311-FDD7-4393-B61F-856A89C6934C}.Debug|Any CPU.Build.0 = Debug|Any CPU
		{C3194311-FDD7-4393-B61F-856A89C6934C}.Release|Any CPU.ActiveCfg = Release|Any CPU
		{C3194311-FDD7-4393-B61F-856A89C6934C}.Release|Any CPU.Build.0 = Release|Any CPU
		{CD9E4CD0-A353-4012-8BE0-EEB26D0EF063}.Debug|Any CPU.ActiveCfg = Debug|Any CPU
		{CD9E4CD0-A353-4012-8BE0-EEB26D0EF063}.Debug|Any CPU.Build.0 = Debug|Any CPU
		{CD9E4CD0-A353-4012-8BE0-EEB26D0EF063}.Release|Any CPU.ActiveCfg = Release|Any CPU
		{CD9E4CD0-A353-4012-8BE0-EEB26D0EF063}.Release|Any CPU.Build.0 = Release|Any CPU
		{469140A6-A045-4D08-97BA-1A48CF03992B}.Debug|Any CPU.ActiveCfg = Debug|Any CPU
		{469140A6-A045-4D08-97BA-1A48CF03992B}.Debug|Any CPU.Build.0 = Debug|Any CPU
		{469140A6-A045-4D08-97BA-1A48CF03992B}.Release|Any CPU.ActiveCfg = Release|Any CPU
		{469140A6-A045-4D08-97BA-1A48CF03992B}.Release|Any CPU.Build.0 = Release|Any CPU
		{5A42F203-CBAD-5988-0754-D768DA2DBF69}.Debug|Any CPU.ActiveCfg = Debug|Any CPU
		{5A42F203-CBAD-5988-0754-D768DA2DBF69}.Debug|Any CPU.Build.0 = Debug|Any CPU
		{5A42F203-CBAD-5988-0754-D768DA2DBF69}.Release|Any CPU.ActiveCfg = Release|Any CPU
		{5A42F203-CBAD-5988-0754-D768DA2DBF69}.Release|Any CPU.Build.0 = Release|Any CPU
	EndGlobalSection
	GlobalSection(SolutionProperties) = preSolution
		HideSolutionNode = FALSE
	EndGlobalSection
	GlobalSection(ExtensibilityGlobals) = postSolution
		SolutionGuid = {22A325C1-1FE5-4C3A-94C0-267812FFE2EF}
	EndGlobalSection
EndGlobal
